
Microsoft Visual Studio Solution File, Format Version 12.00
# Visual Studio Version 17
VisualStudioVersion = 17.7.34031.279
MinimumVisualStudioVersion = 10.0.40219.1
Project("{FAE04EC0-301F-11D3-BF4B-00C04F79EFBC}") = "Largest Number out of Three", "Largest Number out of Three\Largest Number out of Three.csproj", "{DA027AA7-40D5-407B-AAED-89BEC1F19EE5}"
EndProject
Global
	GlobalSection(SolutionConfigurationPlatforms) = preSolution
		Debug|Any CPU = Debug|Any CPU
		Release|Any CPU = Release|Any CPU
	EndGlobalSection
	GlobalSection(ProjectConfigurationPlatforms) = postSolution
		{DA027AA7-40D5-407B-AAED-89BEC1F19EE5}.Debug|Any CPU.ActiveCfg = Debug|Any CPU
		{DA027AA7-40D5-407B-AAED-89BEC1F19EE5}.Debug|Any CPU.Build.0 = Debug|Any CPU
		{DA027AA7-40D5-407B-AAED-89BEC1F19EE5}.Release|Any CPU.ActiveCfg = Release|Any CPU
		{DA027AA7-40D5-407B-AAED-89BEC1F19EE5}.Release|Any CPU.Build.0 = Release|Any CPU
	EndGlobalSection
	GlobalSection(SolutionProperties) = preSolution
		HideSolutionNode = FALSE
	EndGlobalSection
	GlobalSection(ExtensibilityGlobals) = postSolution
		SolutionGuid = {3F181E98-B4E5-4673-8360-7C0642127652}
	EndGlobalSection
EndGlobal
